{
  "version": "4",
  "remote": {
    "https://esm.sh/@jsr/std__path@1.0.8/denonext/_common/assert_path.mjs": "b4d71abc0dec3d6f441f2d843c1bd36863e8114b70a8415c9e66602de27f62ff",
    "https://esm.sh/@jsr/std__path@1.0.8/denonext/_common/basename.mjs": "fa8c52487817e8aaa10bbfb43ca2a626cbb3e87aabc5268b3b2f3c940ed66e10",
    "https://esm.sh/@jsr/std__path@1.0.8/denonext/_common/common.mjs": "4714fc6c9e4a87e01690e2b104388da89ce571acd2927a2b5593bd648543522a",
    "https://esm.sh/@jsr/std__path@1.0.8/denonext/_common/constants.mjs": "83975e7fb5b3b96b51b3ea5d84773a3debbb2f5b56f2d66bb7a5f1118cf8b38b",
    "https://esm.sh/@jsr/std__path@1.0.8/denonext/_common/dirname.mjs": "04e4044e18cdda2aebb777c5ba88035cda7a5b4597c9496fb6694b542c199007",
    "https://esm.sh/@jsr/std__path@1.0.8/denonext/_common/format.mjs": "4cad36c66850bc2e3b2acb8a8cce9e97174cd1752738cd4f9befd3f8afc70584",
    "https://esm.sh/@jsr/std__path@1.0.8/denonext/_common/from_file_url.mjs": "6ada0d2bee96e99e13e55a40285201d654a1482e21da576691fcaedce865c9bd",
    "https://esm.sh/@jsr/std__path@1.0.8/denonext/_common/glob_to_reg_exp.mjs": "3741b8876081ee6bf96f487842b544549b807bd338eeac44c570c0801f906022",
    "https://esm.sh/@jsr/std__path@1.0.8/denonext/_common/normalize.mjs": "0117e6213b62da049c1109528dad8ef09b1b1f854a52b3f6f69125e070f7f4f8",
    "https://esm.sh/@jsr/std__path@1.0.8/denonext/_common/normalize_string.mjs": "0750a3125de5f2f05409abe41037b81845b6bb65c567a452790b0230144b977a",
    "https://esm.sh/@jsr/std__path@1.0.8/denonext/_common/relative.mjs": "49ef8055c95142b8f050e183ed839f46dc313f5b9e14dc2c6ff4efb3a530b7cf",
    "https://esm.sh/@jsr/std__path@1.0.8/denonext/_common/strip_trailing_separators.mjs": "53184676aa0031fb66f4a5885026a7ced2532cf5cc2e0ecea757024b5080f2b1",
    "https://esm.sh/@jsr/std__path@1.0.8/denonext/_common/to_file_url.mjs": "57847aae3597f4b04bf2ef96aba62408f14e37c4e038701ff2a39babb0c9bed3",
    "https://esm.sh/@jsr/std__path@1.0.8/denonext/is-glob.mjs": "868f72a9cd7b9b8ae8dd3643198fd0ee7eabed6b19479d067c84054f5fe42a26",
    "https://esm.sh/@jsr/std__path@1.0.8/denonext/posix.mjs": "690fdb1d318c2e636948c7cf64e15ac99d3517bea9206bf385f1f4968012b059",
    "https://esm.sh/@jsr/std__path@1.0.8/denonext/posix/_util.mjs": "fef8161dfbcc443d9ce81397b6970fbb9521520e1cf077dea5335b8cd3e79619",
    "https://esm.sh/@jsr/std__path@1.0.8/denonext/posix/basename.mjs": "cc0d7825dde67102901854960cc9e4db9040819a239813dc984df2df3aa636e1",
    "https://esm.sh/@jsr/std__path@1.0.8/denonext/posix/common.mjs": "dcf585cc4f842167cd0250df50ff527f265f7167185e4a958bb9539577fa625d",
    "https://esm.sh/@jsr/std__path@1.0.8/denonext/posix/constants.mjs": "0533785f74fcb9d7d569f130c3bdc0b60cab438b7b7e0561e6591890e7f5f530",
    "https://esm.sh/@jsr/std__path@1.0.8/denonext/posix/dirname.mjs": "cf870efa6405275d11ef3da37205dd3a4d8cfd04751c0c12f8d6b6791029c2f7",
    "https://esm.sh/@jsr/std__path@1.0.8/denonext/posix/extname.mjs": "7968af5e8ee1f55dbd5961cf9f12f41e7db5ba3152ab0e2a0f7311834ab48665",
    "https://esm.sh/@jsr/std__path@1.0.8/denonext/posix/format.mjs": "4a72c66edc7a8a5593666c881b147712992847bdfcb47103bd2c792a79a46afb",
    "https://esm.sh/@jsr/std__path@1.0.8/denonext/posix/from-file-url.mjs": "fa8d8071a592ab19ee51ab8c5963aca22885a7ed468ebcd67616ce9996b2374d",
    "https://esm.sh/@jsr/std__path@1.0.8/denonext/posix/glob-to-regexp.mjs": "072b3a79d4282b3cd68a7ca8d25025c9eca74043eacac9ddd623913f859444c2",
    "https://esm.sh/@jsr/std__path@1.0.8/denonext/posix/is-absolute.mjs": "1c5eb357448bac5e63efa386c78dba9c4ee9135f682f5c5e75b52303e8d5037a",
    "https://esm.sh/@jsr/std__path@1.0.8/denonext/posix/is-glob.mjs": "ce9704ba2d7b50c18c236b9956ad019631b256b7e516e7a1add90046e7185e22",
    "https://esm.sh/@jsr/std__path@1.0.8/denonext/posix/join-globs.mjs": "063e14681dcb8c1d5ec272696d7d568bea116a0a7c0223f41c81d42c7d39e009",
    "https://esm.sh/@jsr/std__path@1.0.8/denonext/posix/join.mjs": "64f8d0b722014ab81450f8dfaf6ec23d7b0347facb73ecfbb62955e004cb751f",
    "https://esm.sh/@jsr/std__path@1.0.8/denonext/posix/normalize-glob.mjs": "4d5be877e85ade564ceff5d76cfcb2d3d263bbd9947b2350928d827e103636c7",
    "https://esm.sh/@jsr/std__path@1.0.8/denonext/posix/normalize.mjs": "f4e1faac10ef84479aa2457a12eac437d97dcae8066952c8af38886fae0000b7",
    "https://esm.sh/@jsr/std__path@1.0.8/denonext/posix/parse.mjs": "752e7b0e185c214e8c13c16d4fdc19717a576628287bddc97eee44f6ccbe885f",
    "https://esm.sh/@jsr/std__path@1.0.8/denonext/posix/relative.mjs": "c95a1bb8f4ef5bb79f472ae4a7e0a5c21822cd3c92166f3b98ad58d0c808c859",
    "https://esm.sh/@jsr/std__path@1.0.8/denonext/posix/resolve.mjs": "ca84ec234d918e1ebe3a2925f7a29c4977a96e67a3a045739dd8e29339bda60b",
    "https://esm.sh/@jsr/std__path@1.0.8/denonext/posix/to-file-url.mjs": "321f419afae79040c66db6baf9aa53757e6ae0e780ef4bbd7faa7dee5af96350",
    "https://esm.sh/@jsr/std__path@1.0.8/denonext/posix/to-namespaced-path.mjs": "e35a8627bd34a573f6a7d44abe28edbf2d8f29225a2bd8232d0df2328154148f",
    "https://esm.sh/@jsr/std__path@1.0.8/denonext/types.mjs": "a455f5deddbd24019ef576d852ac033b50b67038cc7424d213c0a35c707f5d07",
    "https://esm.sh/jsr/@std/path@1.0.8/posix": "98ee6630f0954b5a01be7a7c4cc9af3d456052d5fa1a9811b8866d0029c364fb"
  }
}
