{
  "version": "4",
  "remote": {
    "https://esm.sh/jsr/@std/path@1.0.8": "6316c1914acf23f5dd876e6c2496f987eb18c2360c230d534ab66e5ba9abe148",
    "https://esm.sh/v135/@jsr/std__path@1.0.8/denonext/basename.js": "94d4937e0b7047705ff650322f404309d5417393dd4fb50421dd6bbb6886d93b",
    "https://esm.sh/v135/@jsr/std__path@1.0.8/denonext/common.js": "0e078e5da170382294f84612e5a4672895b8b5c8b610aa4d4399de817c54f648",
    "https://esm.sh/v135/@jsr/std__path@1.0.8/denonext/constants.js": "162917c311096726af025fcc2698c2a3c5f76c0e6e34b9399df9b05477a96b3a",
    "https://esm.sh/v135/@jsr/std__path@1.0.8/denonext/dirname.js": "f2f47075dcc961de1290e18f519f469fd2dc7403afc311c68cf8eeffe64f7511",
    "https://esm.sh/v135/@jsr/std__path@1.0.8/denonext/extname.js": "a142b368913e77d652a817f6ecfeb7bb5fce5805d5f1e6db99473819bc2a3962",
    "https://esm.sh/v135/@jsr/std__path@1.0.8/denonext/format.js": "28be9bc1a10ff5f48c0f03e349ad46775e5e4e7cff862d93896f05dc02645c67",
    "https://esm.sh/v135/@jsr/std__path@1.0.8/denonext/from-file-url.js": "d7089433c56f7cc02b270d5b3c7fbf2763653e1cc5cb6577bac54aae7d0487f8",
    "https://esm.sh/v135/@jsr/std__path@1.0.8/denonext/glob-to-regexp.js": "656f4725cbfb14eb63b2b645ab1bea90f265975304e0f2e66075550b41fd5377",
    "https://esm.sh/v135/@jsr/std__path@1.0.8/denonext/is-absolute.js": "b4b167da4c5e4e08e35a36bb820daf3897de6ee70862414ca5abc7af1aec1c86",
    "https://esm.sh/v135/@jsr/std__path@1.0.8/denonext/is-glob.js": "4a8dd4c18d38153b03db05eb00e194fb192cd75e835d9268433db1736684ec66",
    "https://esm.sh/v135/@jsr/std__path@1.0.8/denonext/join-globs.js": "c165d49778f8df67e7a6c0a6c0da851eb01c6fb9ccbb8abcdc4610a2447496fc",
    "https://esm.sh/v135/@jsr/std__path@1.0.8/denonext/join.js": "cbc22d17ec9c204ff1f83be79992d50593fabeafb2084cdf833a93309b77eb0b",
    "https://esm.sh/v135/@jsr/std__path@1.0.8/denonext/normalize-glob.js": "827afde2f3caec32cb90e6e0088842ff285d2062bd31c69376b974a8c1676476",
    "https://esm.sh/v135/@jsr/std__path@1.0.8/denonext/normalize.js": "0d7aa8acf2c0c555a80993c6eafd9baa90da8d32a96bc0886f27a90d0bc21a58",
    "https://esm.sh/v135/@jsr/std__path@1.0.8/denonext/parse.js": "66ca7342165b6cee1585db6caef51a996b91409dfbd75c86035fc002a8d2f16e",
    "https://esm.sh/v135/@jsr/std__path@1.0.8/denonext/posix/basename.js": "76c070dc3783adc0a40ec533242a747b4f8ecbb3a510965e9a25ad02b83cbbb9",
    "https://esm.sh/v135/@jsr/std__path@1.0.8/denonext/posix/constants.js": "f8d90784e5e4d50deb1effe70344ec95f636dccb31a84941ceafb05fa3561d41",
    "https://esm.sh/v135/@jsr/std__path@1.0.8/denonext/posix/dirname.js": "75e790891fa74ebd59b4531a70f58f26029210a6754442d12c9c59ea3cb49587",
    "https://esm.sh/v135/@jsr/std__path@1.0.8/denonext/posix/extname.js": "def31abb77bf1b91e3ed9ba6353722989e66609a1ddccc91579bb4318727608b",
    "https://esm.sh/v135/@jsr/std__path@1.0.8/denonext/posix/format.js": "727d86c29f2b829f1a6c35c759183907cc8dc9c82c762d96f9d1ac1a94818c2e",
    "https://esm.sh/v135/@jsr/std__path@1.0.8/denonext/posix/from-file-url.js": "da7050c9ab0c219c9cad2a491539ccd0dca6d3f362c6bffe3796fc3e1d8f65d6",
    "https://esm.sh/v135/@jsr/std__path@1.0.8/denonext/posix/glob-to-regexp.js": "f62747cbffd1375bc287c41b6aa481a04ef08e16f096c191fd67a126c101d18c",
    "https://esm.sh/v135/@jsr/std__path@1.0.8/denonext/posix/is-absolute.js": "80193638162c4c46614cfc173b41d104a6b1b9d5eaf898e406c7b5ecf4475f73",
    "https://esm.sh/v135/@jsr/std__path@1.0.8/denonext/posix/join-globs.js": "016526de577ed248328516b4dda429f076553817f99e70c834a53701caa1f8d0",
    "https://esm.sh/v135/@jsr/std__path@1.0.8/denonext/posix/join.js": "484159fd95fa559e37a077f901bc22a79af85026e7e7057e2074c7bbf3c9af0d",
    "https://esm.sh/v135/@jsr/std__path@1.0.8/denonext/posix/normalize-glob.js": "9f4b2419bbf913679fa45b813fab00134d7dfeb840164345f966ea61e9382a91",
    "https://esm.sh/v135/@jsr/std__path@1.0.8/denonext/posix/normalize.js": "a03863a771849dc0a5fb1ec5dd37c0526dfe05c9e45d212f94843afa32da352c",
    "https://esm.sh/v135/@jsr/std__path@1.0.8/denonext/posix/parse.js": "9cf41381713a522611499ff25037189bc1736528bee4e8994dde1df2d213ed66",
    "https://esm.sh/v135/@jsr/std__path@1.0.8/denonext/posix/relative.js": "a80b36f22c5f1283c2d69686623ec67c7adb18e40fc88932729649c9e262d3d7",
    "https://esm.sh/v135/@jsr/std__path@1.0.8/denonext/posix/resolve.js": "0ae75408b85c267d60a0b997bd485b44e66fb2c5ad876b7428cc9f22fb64403d",
    "https://esm.sh/v135/@jsr/std__path@1.0.8/denonext/posix/to-file-url.js": "bec2e837b8c471f7a5e3801fc3295bb9c465c42fb9b087e4d3e8b7bfbd76864d",
    "https://esm.sh/v135/@jsr/std__path@1.0.8/denonext/posix/to-namespaced-path.js": "2aedc403c6747eb513e8b6102fe45c7cb5fd8d6324a711a33efdb7e168c65507",
    "https://esm.sh/v135/@jsr/std__path@1.0.8/denonext/relative.js": "f268f6664669f409e52879ae93a59d828693b69541240c5b07827792b28c0463",
    "https://esm.sh/v135/@jsr/std__path@1.0.8/denonext/resolve.js": "28b36ff9a888e4c27359be4a5f899a39ac6445f2df6c67bcbf074245db9e307a",
    "https://esm.sh/v135/@jsr/std__path@1.0.8/denonext/std__path.mjs": "5bdbac76813545cc8b7e88ed98e1c528db95384794b5b534432b5e02a185acb9",
    "https://esm.sh/v135/@jsr/std__path@1.0.8/denonext/to-file-url.js": "a1b79fe744f87c8dee1498719137690b627947b595bd2cc9d1af599f81c2bc10",
    "https://esm.sh/v135/@jsr/std__path@1.0.8/denonext/to-namespaced-path.js": "692cafb5b84b7563f9d26222ce78563bf2a157718eab64388d4b34f5e7ec6072",
    "https://esm.sh/v135/@jsr/std__path@1.0.8/denonext/types.js": "159853208169513bd9dad061fa1482a89b1e60ff4f4dfef09c91e1c8f384affe",
    "https://esm.sh/v135/@jsr/std__path@1.0.8/denonext/windows/basename.js": "96ee211dff1c331ed84d9d84d20301debad12c5b7627b8691ba20ada80b6d05c",
    "https://esm.sh/v135/@jsr/std__path@1.0.8/denonext/windows/constants.js": "d138b571df6a78f3901384069cf6b47b20ad4b4f7d277ab3b40e4f03ab84e80e",
    "https://esm.sh/v135/@jsr/std__path@1.0.8/denonext/windows/dirname.js": "2531e2fdc08cbce9394f7eb7852dc84a8616e03c0054c7c172c46aa735af4f75",
    "https://esm.sh/v135/@jsr/std__path@1.0.8/denonext/windows/extname.js": "967bc9df0ba496d273094121eca9a018a37817fb037284caa4b001c790e9c8cc",
    "https://esm.sh/v135/@jsr/std__path@1.0.8/denonext/windows/format.js": "760c52a62ffe75a2182a1dbd2b742e5c9ad2236da598b89728b62860005cede4",
    "https://esm.sh/v135/@jsr/std__path@1.0.8/denonext/windows/from-file-url.js": "685e1938f91641fb663121da21b7fcad99b4aefa2d7effc657bbf36bb2124d46",
    "https://esm.sh/v135/@jsr/std__path@1.0.8/denonext/windows/glob-to-regexp.js": "03921b7a70dcbe94edabb4b69120f2f4633a487f73f3a1621f1d4e5de7fc11b8",
    "https://esm.sh/v135/@jsr/std__path@1.0.8/denonext/windows/is-absolute.js": "4ad0fc620c1dbd6fc2a4467bd7182412c6b7aa557d823df91959ed898bb47c36",
    "https://esm.sh/v135/@jsr/std__path@1.0.8/denonext/windows/join-globs.js": "0d6ccef1c8c0a5a5c1d9117e5a1ce3dac1422e6b672fdbfeaa334d9baa9676ec",
    "https://esm.sh/v135/@jsr/std__path@1.0.8/denonext/windows/join.js": "233b10e0f78997dca5a81124a6003aa0882734c0d7ae59ff1aa22b43b55d5e0f",
    "https://esm.sh/v135/@jsr/std__path@1.0.8/denonext/windows/normalize-glob.js": "eecd8d848e757dbbf434efff6815b2aff913a6fb9229d65ae97e980131368649",
    "https://esm.sh/v135/@jsr/std__path@1.0.8/denonext/windows/normalize.js": "4abc4bc2afc3d5ab4c0f8ef1210f04e85eaa7e10828d5c7494b065e2981ae72c",
    "https://esm.sh/v135/@jsr/std__path@1.0.8/denonext/windows/parse.js": "e088810cd7a9d5d5df6e9196cda91202ace81b773ab11bcade4d50b0efcf25ab",
    "https://esm.sh/v135/@jsr/std__path@1.0.8/denonext/windows/relative.js": "5d7109c33f8eeea25c4d2724b72f854e3e8f0f79f173185be5ca0233869b5fc6",
    "https://esm.sh/v135/@jsr/std__path@1.0.8/denonext/windows/resolve.js": "2971aa44397f5e188ac249758771f3c66ec21ae7eb76d6c22f1308dc10c00fcd",
    "https://esm.sh/v135/@jsr/std__path@1.0.8/denonext/windows/to-file-url.js": "8e536d19b0ff7df6abbb6362dfc8504050e9a767883e6a476450d057ab5a04d0",
    "https://esm.sh/v135/@jsr/std__path@1.0.8/denonext/windows/to-namespaced-path.js": "0ae5c97f6ebc9a5356f33a0a9406c304c6b96840110a471953157f1bfbb86f5e"
  },
  "workspace": {
    "packageJson": {
      "dependencies": [
        "npm:buffer@^6.0.3",
        "npm:call-bind@1.0.0",
        "npm:esinstall@0.5.0",
        "npm:eventemitter3@^5.0.1",
        "npm:has-symbols@^1.1.0",
        "npm:memfs@^4.15.0",
        "npm:object.assign@3.0.1",
        "npm:process@~0.11.10",
        "npm:snowpack@3.8.6",
        "npm:url@~0.11.4"
      ]
    }
  }
}
